{
  "requires": true,
  "lockfileVersion": 1,
  "dependencies": {
    "ng-multiselect-dropdown": {
      "version": "0.2.9",
      "resolved": "https://registry.npmjs.org/ng-multiselect-dropdown/-/ng-multiselect-dropdown-0.2.9.tgz",
      "integrity": "sha512-/zC8d13XIfFpSWw9Y+Nz5llqtubTau68v3HBSDTIsJydSAirrtdJ/JtqYDqZOL+CvhSYxQJI3m/Z+Ds3dCFYNQ==",
      "requires": {
        "tslib": "^1.9.0"
      }
    },
    "tslib": {
      "version": "1.10.0",
      "resolved": "https://registry.npmjs.org/tslib/-/tslib-1.10.0.tgz",
      "integrity": "sha512-qOebF53frne81cf0S9B41ByenJ3/IuH8yJKngAX35CmiZySA0khhkovshKK+jGCaMnVomla7gVlIcc3EvKPbTQ=="
    }
  }
}
